version = 1
revision = 5
requires-python = "==3.13.*"

[manifest]
members = [
    "flatsplit-api",
    "flatsplit-workspace",
]

[[package]]
name = "annotated-doc"
version = "0.0.5"
source = { registry = "https://pypi.org/simple" }
sdist = { url = "https://files.pythonhosted.org/packages/5a/8e/38aa427ed5402449e226975b649c5dc73ccadfefeb95e6aecb8f8ea4b6b6/annotated_doc-0.0.5.tar.gz", hash = "sha256:c7e58ce09192557605d8bbd92836d7e1d520ac9580096042c0bfd197efacf1bb", size = 10758, upload-time = "2026-07-28T13:50:58.129Z" }
wheels = [
    { url = "https://files.pythonhosted.org/packages/3e/30/e900b21425a860e195f32e37657aa1f7c7f2b1bfb26f03ca209b90933c06/annotated_doc-0.0.5-py3-none-any.whl", hash = "sha256:117bac03a25ede5df5440e855b32d556049ca169ead221505badf432fed4b101", size = 5302, upload-time = "2026-07-28T13:50:57.239Z" },
]

[[package]]
name = "annotated-types"
version = "0.8.0"
source = { registry = "https://pypi.org/simple" }
sdist = { url = "https://files.pythonhosted.org/packages/5f/56/a8120250d128bed162cd73c76d45f6ef9991f3e068f62a8ee060afa3104a/annotated_types-0.8.0.tar.gz", hash = "sha256:13b2beaad985e05e2d6407ee4c4f35590b11f8d693a258a561055cac8f64cab7", size = 15893, upload-time = "2026-07-23T20:16:13.995Z" }
wheels = [
    { url = "https://files.pythonhosted.org/packages/99/91/8acff4f5e50511b911bbccb72b8628a49c68ce14148cd9f6431094859a90/annotated_types-0.8.0-py3-none-any.whl", hash = "sha256:f072f4d804ea359e4eaf198b1af7a8b0943881a87f31bb764f8bf219bb9419e0", size = 13427, upload-time = "2026-07-23T20:16:12.938Z" },
]

[[package]]
name = "anyio"
version = "4.15.1"
source = { registry = "https://pypi.org/simple" }
dependencies = [
    { name = "idna" },
    { name = "typing-extensions" },
]
sdist = { url = "https://files.pythonhosted.org/packages/a9/d2/f4d173e22df740bc37b1db102b386ba719b66e95b0f0d751f556b387e6d2/anyio-4.15.1.tar.gz", hash = "sha256:9f28306018cbd6d329e64a36d58256edff76dd996fe423bc957326e578b82a94", size = 276966, upload-time = "2026-09-05T10:42:39.44Z" }
wheels = [
    { url = "https://files.pythonhosted.org/packages/12/b8/4bd346e22b28902df4d651910f5242c28d84e4a5c2435ca5c3f797ed7e2e/anyio-4.15.1-py3-none-any.whl", hash = "sha256:6152fdbbf9a77fdec97731721bebf7c4c44f7c29b424b0065826173efc7ed101", size = 132079, upload-time = "2026-09-05T10:42:37.923Z" },
]

[[package]]
name = "aws-lambda-powertools"
version = "3.35.0"
source = { registry = "https://pypi.org/simple" }
dependencies = [
    { name = "jmespath" },
    { name = "typing-extensions" },
]
sdist = { url = "https://files.pythonhosted.org/packages/a9/5b/9b36aa010e686bbe0a8bfb7367430994254a68d1e8c2383af7b3264c6ebb/aws_lambda_powertools-3.35.0.tar.gz", hash = "sha256:27c1c7d7920f214a68a11505dca33ce3709a38c4b79f5fbc94141ec0af92c9f8", size = 803046, upload-time = "2026-09-15T12:18:56.22Z" }
wheels = [
    { url = "https://files.pythonhosted.org/packages/c7/6e/2a2764dd3fef758e8bde3ec5c0fb6e2ceeace2a873ca5def30b6c69a7bcf/aws_lambda_powertools-3.35.0-py3-none-any.whl", hash = "sha256:e8fbc27d74272fb99cbec67305250e825d1630dceb2dbfdcf5908dc9c4c82dcf", size = 960326, upload-time = "2026-09-15T12:18:54.031Z" },
]

[[package]]
name = "click"
version = "8.5.0"
source = { registry = "https://pypi.org/simple" }
sdist = { url = "https://files.pythonhosted.org/packages/c7/0e/7fa0ef50764b67090eca4114772a2abf8b6148198475e54c660b97caeee6/click-8.5.0.tar.gz", hash = "sha256:ba0d2089de75ea0310e2dde03160e6ca10009947fb95a182f9b54021bb272e34", size = 382235, upload-time = "2026-08-26T13:33:14.56Z" }
wheels = [
    { url = "https://files.pythonhosted.org/packages/58/50/6c0d534c5f134586a8e1ba4e330569e32f057e33372ae556463212fb4cd3/click-8.5.0-py3-none-any.whl", hash = "sha256:255bc9599cf7748b4b1a446ccc735421bd08a2ae529a8b88597d3de5664ee360", size = 125251, upload-time = "2026-08-26T13:33:12.928Z" },
]

[[package]]
name = "colorama"
version = "0.4.6"
source = { registry = "https://pypi.org/simple" }
sdist = { url = "https://files.pythonhosted.org/packages/d8/53/6f443c9a4a8358a93a6792e2acffb9d9d5cb0a5cfd8802644b7b1c9a02e4/colorama-0.4.6.tar.gz", hash = "sha256:08695f5cb7ed6e0531a20572697297273c47b8cae5a63ffc6d6ed5c201be6e44", size = 27697, upload-time = "2022-10-25T02:36:22.414Z" }
wheels = [
    { url = "https://files.pythonhosted.org/packages/d1/d6/3965ed04c63042e047cb6a3e6ed1a63a35087b6a609aa3a15ed8ac56c221/colorama-0.4.6-py2.py3-none-any.whl", hash = "sha256:4f1d9991f5acc0ca119f9d443620b77f9d6b33703e51011c16baf57afb285fc6", size = 25335, upload-time = "2022-10-25T02:36:20.889Z" },
]

[[package]]
name = "fastapi"
version = "0.143.0"
source = { registry = "https://pypi.org/simple" }
dependencies = [
    { name = "annotated-doc" },
    { name = "opentelemetry-api" },
    { name = "pydantic" },
    { name = "starlette" },
    { name = "typing-extensions" },
    { name = "typing-inspection" },
]
sdist = { url = "https://files.pythonhosted.org/packages/0b/d7/6a8753ab6c1d432dc53703c3e1b92974a94531b7d047c32bbaae461ea844/fastapi-0.143.0.tar.gz", hash = "sha256:1acffe48206a80917cf7dac21992b5c44b25384e8902bf745c1fd9dabcf6c51f", size = 468391, upload-time = "2026-10-08T12:29:46.54Z" }
wheels = [
    { url = "https://files.pythonhosted.org/packages/bd/f4/27e386913417ad32aae42bba48b0c0cce40e9ff2fba1a871ca2702c37324/fastapi-0.143.0-py3-none-any.whl", hash = "sha256:3e9395fd35276425b61b516a31fdd7c77fe2af83e41b4da22e30696fb1304c5d", size = 144665, upload-time = "2026-10-08T12:29:44.853Z" },
]

[[package]]
name = "flatsplit-api"
version = "0.0.0"
source = { editable = "services/api" }
dependencies = [
    { name = "aws-lambda-powertools" },
    { name = "pydantic" },
]

[package.optional-dependencies]
local = [
    { name = "fastapi" },
    { name = "uvicorn" },
]

[package.metadata]
requires-dist = [
    { name = "aws-lambda-powertools", specifier = ">=3.20,<4" },
    { name = "fastapi", marker = "extra == 'local'", specifier = ">=0.115,<1" },
    { name = "pydantic", specifier = ">=2.11,<3" },
    { name = "uvicorn", marker = "extra == 'local'", specifier = ">=0.34,<1" },
]
provides-extras = ["local"]

[[package]]
name = "flatsplit-workspace"
version = "0.0.0"
source = { virtual = "." }

[package.dev-dependencies]
dev = [
    { name = "mypy" },
    { name = "pytest" },
    { name = "ruff" },
]

[package.metadata]

[package.metadata.requires-dev]
dev = [
    { name = "mypy", specifier = ">=1.15,<2" },
    { name = "pytest", specifier = ">=8,<9" },
    { name = "ruff", specifier = ">=0.11,<1" },
]

[[package]]
name = "h11"
version = "0.16.0"
source = { registry = "https://pypi.org/simple" }
sdist = { url = "https://files.pythonhosted.org/packages/01/ee/02a2c011bdab74c6fb3c75474d40b3052059d95df7e73351460c8588d963/h11-0.16.0.tar.gz", hash = "sha256:4e35b956cf45792e4caa5885e69fba00bdbc6ffafbfa020300e549b208ee5ff1", size = 101250, upload-time = "2025-04-24T03:35:25.427Z" }
wheels = [
    { url = "https://files.pythonhosted.org/packages/04/4b/29cac41a4d98d144bf5f6d33995617b185d14b22401f75ca86f384e87ff1/h11-0.16.0-py3-none-any.whl", hash = "sha256:63cf8bbe7522de3bf65932fda1d9c2772064ffb3dae62d55932da54b31cb6c86", size = 37515, upload-time = "2025-04-24T03:35:24.344Z" },
]

[[package]]
name = "idna"
version = "3.20"
source = { registry = "https://pypi.org/simple" }
sdist = { url = "https://files.pythonhosted.org/packages/f5/08/8eea9d4b8302028f3abb2c0813953f7aec26d33b7a8960ed760e65ff29fa/idna-3.20.tar.gz", hash = "sha256:a7db850025b95ded1eae8a46181a1a6c56c92c96f0e2b005d9ff8dc0210cab44", size = 216463, upload-time = "2026-09-17T14:11:04.752Z" }
wheels = [
    { url = "https://files.pythonhosted.org/packages/58/a2/bb081bab032533a855d44de1d56f8e8426114ff1ba5d1f07a438a0a654f8/idna-3.20-py3-none-any.whl", hash = "sha256:ab7ae7122974553370f0bdb919e1a960b2cd1bc1ef0276416d896db81c14582c", size = 69583, upload-time = "2026-09-17T14:11:03.168Z" },
]

[[package]]
name = "iniconfig"
version = "2.3.1"
source = { registry = "https://pypi.org/simple" }
sdist = { url = "https://files.pythonhosted.org/packages/01/e1/2069291243c926a2ff1cd706c7f3eeb9b62144bf60f77c9fb9ff2fb26bd3/iniconfig-2.3.1.tar.gz", hash = "sha256:67f4b9c50da0dedf52af349e7749a80a9057a5031199791b906c3bb3ae878960", size = 21209, upload-time = "2026-10-06T22:48:38.076Z" }
wheels = [
    { url = "https://files.pythonhosted.org/packages/56/43/4ca9e49d27a1fcf6bece6f6aec0ea46bb9112489b93d4b688fb415457bdb/iniconfig-2.3.1-py3-none-any.whl", hash = "sha256:9121e2c1fdb355232495be3194c8dfe87ccc2d5dee45947b78e68f499790d7a7", size = 7552, upload-time = "2026-10-06T22:48:36.959Z" },
]

[[package]]
name = "jmespath"
version = "1.1.0"
source = { registry = "https://pypi.org/simple" }
sdist = { url = "https://files.pythonhosted.org/packages/d3/59/322338183ecda247fb5d1763a6cbe46eff7222eaeebafd9fa65d4bf5cb11/jmespath-1.1.0.tar.gz", hash = "sha256:472c87d80f36026ae83c6ddd0f1d05d4e510134ed462851fd5f754c8c3cbb88d", size = 27377, upload-time = "2026-01-22T16:35:26.279Z" }
wheels = [
    { url = "https://files.pythonhosted.org/packages/14/2f/967ba146e6d58cf6a652da73885f52fc68001525b4197effc174321d70b4/jmespath-1.1.0-py3-none-any.whl", hash = "sha256:a5663118de4908c91729bea0acadca56526eb2698e83de10cd116ae0f4e97c64", size = 20419, upload-time = "2026-01-22T16:35:24.919Z" },
]

[[package]]
name = "librt"
version = "0.16.0"
source = { registry = "https://pypi.org/simple" }
sdist = { url = "https://files.pythonhosted.org/packages/04/f5/9dc696772d241814bacac7880bac32f2930b5a6ebc1f85317b83161a011c/librt-0.16.0.tar.gz", hash = "sha256:ac38d6d8d66bf3d744148dbbc0b8e193e195a51e364ed55e224631f5721891fc", size = 219839, upload-time = "2026-09-29T00:55:32.891Z" }
wheels = [
    { url = "https://files.pythonhosted.org/packages/46/cd/ae5e0e9dba45d1399aa04a5395bcc0bead40d9fa06dc903634a7b4d7473d/librt-0.16.0-cp313-cp313-macosx_10_13_x86_64.whl", hash = "sha256:c5e6144e68b577f157519f2ba88ca20e3ed61c29b00e5cdfa76cd2d45acf059a", size = 151036, upload-time = "2026-09-29T00:53:06.284Z" },
    { url = "https://files.pythonhosted.org/packages/41/5a/48a16e323c5f9447a94cce7b59babf60fa04e62c3365ecf060c77ed8b320/librt-0.16.0-cp313-cp313-macosx_11_0_arm64.whl", hash = "sha256:33f41443a1f4e1f099331b3d8120e409fbff84b9760bc1cc9ea496f37ddaa5cc", size = 155211, upload-time = "2026-09-29T00:53:07.72Z" },
    { url = "https://files.pythonhosted.org/packages/3f/29/0f59299eb4251a409b2e690ad4b7d9f8a676db829d7817ec961f32b44f7e/librt-0.16.0-cp313-cp313-manylinux2014_aarch64.manylinux_2_17_aarch64.manylinux_2_28_aarch64.whl", hash = "sha256:7e510b7770bee609617a3374a96548eb114cae048023e3f049ee449e7ff2db32", size = 502587, upload-time = "2026-09-29T00:53:09.191Z" },
    { url = "https://files.pythonhosted.org/packages/de/ba/d6fb4ef8d1537c396079d72289f16be7cd35a366e5065c51253fea2760b6/librt-0.16.0-cp313-cp313-manylinux2014_i686.manylinux_2_17_i686.manylinux_2_28_i686.whl", hash = "sha256:efc49c462d4516b8a58b00b490078fa64689fd1fe66970cc190131d7afb8027e", size = 496146, upload-time = "2026-09-29T00:53:11.016Z" },
    { url = "https://files.pythonhosted.org/packages/52/fc/8c50dd4d7cc97c0ee8f252c8a3104980f234391cf1519b554e8b9de08b60/librt-0.16.0-cp313-cp313-manylinux2014_ppc64le.manylinux_2_17_ppc64le.manylinux_2_28_ppc64le.whl", hash = "sha256:92caf82ebef5e12d21c72242b70d1e92536f1711cf2a727a4c276de4b4469087", size = 513336, upload-time = "2026-09-29T00:53:12.655Z" },
    { url = "https://files.pythonhosted.org/packages/a9/59/16c409c56f708eda2db9a0553662845d45e3871c77d70a240dae3f3bdc56/librt-0.16.0-cp313-cp313-manylinux2014_x86_64.manylinux_2_17_x86_64.manylinux_2_28_x86_64.whl", hash = "sha256:17bac7f7a16b328fff77e440287693eb017abde913595b5827ebccbc21ecd8a6", size = 531689, upload-time = "2026-09-29T00:53:14.39Z" },
    { url = "https://files.pythonhosted.org/packages/88/82/d34772a6c29d1446dcca6e64d74062efd508523ab351aa16625a4689d5cc/librt-0.16.0-cp313-cp313-manylinux_2_34_riscv64.manylinux_2_39_riscv64.whl", hash = "sha256:5b976054553670829985ed767feb78fb6bcede0175327c4844dd5c281c1be659", size = 524537, upload-time = "2026-09-29T00:53:16.064Z" },
    { url = "https://files.pythonhosted.org/packages/77/8f/24c5631313746131ccee53bc91fdc8374f9cf25e0082a1fee9c93bb98acc/librt-0.16.0-cp313-cp313-musllinux_1_2_aarch64.whl", hash = "sha256:0058f9d68721094105917254c72ac0569117bb7b13b9769cf45d26d89f9d21cd", size = 543231, upload-time = "2026-09-29T00:53:17.939Z" },
    { url = "https://files.pythonhosted.org/packages/f2/cb/5f8e0d41dbd8b499c2265e939c31acc9ba59845565bf99539ad1c06aebcf/librt-0.16.0-cp313-cp313-musllinux_1_2_i686.whl", hash = "sha256:30b7beaf3f4487b7d8adef1f158b49067cb4d5a19fa7a3bf31a4e7a820e435c5", size = 546499, upload-time = "2026-09-29T00:53:19.666Z" },
    { url = "https://files.pythonhosted.org/packages/be/61/063052de441d1385f59cea4223f184bf9e5d125de1ae3239b490aa1e486e/librt-0.16.0-cp313-cp313-musllinux_1_2_ppc64le.whl", hash = "sha256:468df902df016a06eb0e40b0747dc8d14e47d7a38b18b63b1fb167d85cb94d63", size = 555261, upload-time = "2026-09-29T00:53:21.292Z" },
    { url = "https://files.pythonhosted.org/packages/14/11/a2ada0529372268d6401afa9d457a095b68cd7753532b6f7f33049a19b43/librt-0.16.0-cp313-cp313-musllinux_1_2_riscv64.whl", hash = "sha256:aea7b1f2b125dad5de85f049136651bff256c883c65e6b9209b2da0a1ac3cdef", size = 536029, upload-time = "2026-09-29T00:53:23.07Z" },
    { url = "https://files.pythonhosted.org/packages/23/9d/5bb6d38853382986dca702fc7e06c8256d30f5fa0676d882773b744610dc/librt-0.16.0-cp313-cp313-musllinux_1_2_x86_64.whl", hash = "sha256:a8afb6557920860b7a3a596eb804cf37e09e7cf8a803db2478c202acc72d8c2e", size = 573748, upload-time = "2026-09-29T00:53:24.696Z" },
    { url = "https://files.pythonhosted.org/packages/99/f6/0025cde35ff7f607684dc775a2b2d732cce2561cec050a6ee1fb2e1fc6fe/librt-0.16.0-cp313-cp313-pyemscripten_2025_0_wasm32.whl", hash = "sha256:77c7a2b4fe2c1369e0d5aa1cade26740a7b14be32fbc9a5535d617d20065c39d", size = 79861, upload-time = "2026-09-29T00:53:26.089Z" },
    { url = "https://files.pythonhosted.org/packages/93/93/303b8592909bd583f83f02818ffbea3f7647ca1e22b1cd5465d04b8145fe/librt-0.16.0-cp313-cp313-win32.whl", hash = "sha256:02d89c813d5ff74b17df72d3a34819d132cd168e56b81bf755b809bd9e46b8c4", size = 106236, upload-time = "2026-09-29T00:53:27.43Z" },
    { url = "https://files.pythonhosted.org/packages/cf/24/80bbb463c60ed18e29cb26aba386ddb76609580e4e7160710e550587018c/librt-0.16.0-cp313-cp313-win_amd64.whl", hash = "sha256:14ed6ebe3e4f85f326d7920011ad30ff49ed9334e62cf88caef9ba973d9e3a92", size = 126180, upload-time = "2026-09-29T00:53:28.7Z" },
    { url = "https://files.pythonhosted.org/packages/43/80/b1a6fbdd7da825cdd55c71aa81eb6cfa82c513c360774152eacb50b4a771/librt-0.16.0-cp313-cp313-win_arm64.whl", hash = "sha256:83d4041a3d9b2fd053a8a4e1f22878b3e5833e2712956382d5c048d791454e91", size = 116557, upload-time = "2026-09-29T00:53:30.012Z" },
]

[[package]]
name = "mypy"
version = "1.20.2"
source = { registry = "https://pypi.org/simple" }
dependencies = [
    { name = "librt", marker = "platform_python_implementation != 'PyPy'" },
    { name = "mypy-extensions" },
    { name = "pathspec" },
    { name = "typing-extensions" },
]
sdist = { url = "https://files.pythonhosted.org/packages/04/af/e3d4b3e9ec91a0ff9aabfdb38692952acf49bbb899c2e4c29acb3a6da3ae/mypy-1.20.2.tar.gz", hash = "sha256:e8222c26daaafd9e8626dec58ae36029f82585890589576f769a650dd20fd665", size = 3817349, upload-time = "2026-04-21T17:12:28.473Z" }
wheels = [
    { url = "https://files.pythonhosted.org/packages/5b/c4/b93812d3a192c9bcf5df405bd2f30277cd0e48106a14d1023c7f6ed6e39b/mypy-1.20.2-cp313-cp313-macosx_10_13_x86_64.whl", hash = "sha256:edfbfca868cdd6bd8d974a60f8a3682f5565d3f5c99b327640cedd24c4264026", size = 14524670, upload-time = "2026-04-21T17:10:30.737Z" },
    { url = "https://files.pythonhosted.org/packages/f3/47/42c122501bff18eaf1e8f457f5c017933452d8acdc52918a9f59f6812955/mypy-1.20.2-cp313-cp313-macosx_11_0_arm64.whl", hash = "sha256:e2877a02380adfcdbc69071a0f74d6e9dbbf593c0dc9d174e1f223ffd5281943", size = 13336218, upload-time = "2026-04-21T17:08:44.069Z" },
    { url = "https://files.pythonhosted.org/packages/92/8f/75bbc92f41725fbd585fb17b440b1119b576105df1013622983e18640a93/mypy-1.20.2-cp313-cp313-manylinux2014_aarch64.manylinux_2_17_aarch64.manylinux_2_28_aarch64.whl", hash = "sha256:7488448de6007cd5177c6cea0517ac33b4c0f5ee9b5e9f2be51ce75511a85517", size = 13724906, upload-time = "2026-04-21T17:08:01.02Z" },
    { url = "https://files.pythonhosted.org/packages/a1/32/4c49da27a606167391ff0c39aa955707a00edc500572e562f7c36c08a71f/mypy-1.20.2-cp313-cp313-manylinux2014_x86_64.manylinux_2_17_x86_64.manylinux_2_28_x86_64.whl", hash = "sha256:bb9c2fa06887e21d6a3a868762acb82aec34e2c6fd0174064f27c93ede68ad15", size = 14726046, upload-time = "2026-04-21T17:11:22.354Z" },
    { url = "https://files.pythonhosted.org/packages/7f/fc/4e354a1bd70216359deb0c9c54847ee6b32ef78dfb09f5131ff99b494078/mypy-1.20.2-cp313-cp313-musllinux_1_2_x86_64.whl", hash = "sha256:9d56a78b646f2e3daa865bc70cd5ec5a46c50045801ca8ff17a0c43abc97e3ee", size = 14955587, upload-time = "2026-04-21T17:12:16.033Z" },
    { url = "https://files.pythonhosted.org/packages/62/b2/c0f2056e9eb8f08c62cafd9715e4584b89132bdc832fcf85d27d07b5f3e5/mypy-1.20.2-cp313-cp313-win_amd64.whl", hash = "sha256:2a4102b03bb7481d9a91a6da8d174740c9c8c4401024684b9ca3b7cc5e49852f", size = 10922681, upload-time = "2026-04-21T17:06:35.842Z" },
    { url = "https://files.pythonhosted.org/packages/e5/14/065e333721f05de8ef683d0aa804c23026bcc287446b61cac657b902ccac/mypy-1.20.2-cp313-cp313-win_arm64.whl", hash = "sha256:a95a9248b0c6fd933a442c03c3b113c3b61320086b88e2c444676d3fd1ca3330", size = 9830560, upload-time = "2026-04-21T17:07:51.023Z" },
    { url = "https://files.pythonhosted.org/packages/28/9a/f23c163e25b11074188251b0b5a0342625fc1cdb6af604757174fa9acc9b/mypy-1.20.2-py3-none-any.whl", hash = "sha256:a94c5a76ab46c5e6257c7972b6c8cff0574201ca7dc05647e33e795d78680563", size = 2637314, upload-time = "2026-04-21T17:05:54.5Z" },
]

[[package]]
name = "mypy-extensions"
version = "1.1.0"
source = { registry = "https://pypi.org/simple" }
sdist = { url = "https://files.pythonhosted.org/packages/a2/6e/371856a3fb9d31ca8dac321cda606860fa4548858c0cc45d9d1d4ca2628b/mypy_extensions-1.1.0.tar.gz", hash = "sha256:52e68efc3284861e772bbcd66823fde5ae21fd2fdb51c62a211403730b916558", size = 6343, upload-time = "2025-04-22T14:54:24.164Z" }
wheels = [
    { url = "https://files.pythonhosted.org/packages/79/7b/2c79738432f5c924bef5071f933bcc9efd0473bac3b4aa584a6f7c1c8df8/mypy_extensions-1.1.0-py3-none-any.whl", hash = "sha256:1be4cccdb0f2482337c4743e60421de3a356cd97508abadd57d47403e94f5505", size = 4963, upload-time = "2025-04-22T14:54:22.983Z" },
]

[[package]]
name = "opentelemetry-api"
version = "1.45.1"
source = { registry = "https://pypi.org/simple" }
dependencies = [
    { name = "typing-extensions" },
]
sdist = { url = "https://files.pythonhosted.org/packages/2e/02/6e0ae9cc61bd3169d401077b507b3ebc344745171e1051ab430be012dcd9/opentelemetry_api-1.45.1.tar.gz", hash = "sha256:aa38ed19bcc084ba42782a73255b3582283eced7ad6dddbd6695189e69adfb75", size = 72804, upload-time = "2026-10-06T17:32:58.133Z" }
wheels = [
    { url = "https://files.pythonhosted.org/packages/1e/41/f7dcf80b81ee8e71c1a2b59f14208bc723edbd89ed027a73b175abf6348e/opentelemetry_api-1.45.1-py3-none-any.whl", hash = "sha256:b31553efa588ae44bc306f863c785c5333a9ecc091248c6ee68b4b6c87fdedfb", size = 60256, upload-time = "2026-10-06T17:32:33.506Z" },
]

[[package]]
name = "packaging"
version = "26.3"
source = { registry = "https://pypi.org/simple" }
sdist = { url = "https://files.pythonhosted.org/packages/7d/fa/3944b40b07da9ce895c0e6303a5ab7d53da063554f534556b134a54d6093/packaging-26.3.tar.gz", hash = "sha256:94edc256424af38762eb31306eed28beb9f0efc50a8837492c9d6fd6004aed79", size = 313412, upload-time = "2026-08-04T18:15:28.737Z" }
wheels = [
    { url = "https://files.pythonhosted.org/packages/63/34/ba1c580383c9eada3711951fef0795c80b829a078d72188184bcab9dd527/packaging-26.3-py3-none-any.whl", hash = "sha256:d7193f7c8e4e93f444fde0262bf90af30e16fa0ad0ad44cb553c87339b23cd1c", size = 129956, upload-time = "2026-08-04T18:15:27.159Z" },
]

[[package]]
name = "pathspec"
version = "1.1.1"
source = { registry = "https://pypi.org/simple" }
sdist = { url = "https://files.pythonhosted.org/packages/5a/82/42f767fc1c1143d6fd36efb827202a2d997a375e160a71eb2888a925aac1/pathspec-1.1.1.tar.gz", hash = "sha256:17db5ecd524104a120e173814c90367a96a98d07c45b2e10c2f3919fff91bf5a", size = 135180, upload-time = "2026-04-27T01:46:08.907Z" }
wheels = [
    { url = "https://files.pythonhosted.org/packages/f1/d9/7fb5aa316bc299258e68c73ba3bddbc499654a07f151cba08f6153988714/pathspec-1.1.1-py3-none-any.whl", hash = "sha256:a00ce642f577bf7f473932318056212bc4f8bfdf53128c78bbd5af0b9b20b189", size = 57328, upload-time = "2026-04-27T01:46:07.06Z" },
]

[[package]]
name = "pluggy"
version = "1.6.0"
source = { registry = "https://pypi.org/simple" }
sdist = { url = "https://files.pythonhosted.org/packages/f9/e2/3e91f31a7d2b083fe6ef3fa267035b518369d9511ffab804f839851d2779/pluggy-1.6.0.tar.gz", hash = "sha256:7dcc130b76258d33b90f61b658791dede3486c3e6bfb003ee5c9bfb396dd22f3", size = 69412, upload-time = "2025-05-15T12:30:07.975Z" }
wheels = [
    { url = "https://files.pythonhosted.org/packages/54/20/4d324d65cc6d9205fabedc306948156824eb9f0ee1633355a8f7ec5c66bf/pluggy-1.6.0-py3-none-any.whl", hash = "sha256:e920276dd6813095e9377c0bc5566d94c932c33b27a3e3945d8389c374dd4746", size = 20538, upload-time = "2025-05-15T12:30:06.134Z" },
]

[[package]]
name = "pydantic"
version = "2.14.0"
source = { registry = "https://pypi.org/simple" }
dependencies = [
    { name = "annotated-types" },
    { name = "pydantic-core" },
    { name = "typing-extensions" },
    { name = "typing-inspection" },
]
sdist = { url = "https://files.pythonhosted.org/packages/6b/fb/6e44b63b26efea1cec48c26d8362313310202ef5ed6e7a52f1669e64e2cd/pydantic-2.14.0.tar.gz", hash = "sha256:8a51a7aaddd60f55566d1f07bdd87b92b463903f39a8f26b71a06314cd1548ae", size = 898613, upload-time = "2026-10-08T14:34:48.341Z" }
wheels = [
    { url = "https://files.pythonhosted.org/packages/2d/eb/9146591cc819d040475bf7f2be786710c7f7eb8083693bf859728da2ca9c/pydantic-2.14.0-py3-none-any.whl", hash = "sha256:15fab1bea6f1dc5003b54fc2ecab230c1fd1dbade2acd4addc52d81e32416d4b", size = 487109, upload-time = "2026-10-08T14:34:46.864Z" },
]

[[package]]
name = "pydantic-core"
version = "2.50.0"
source = { registry = "https://pypi.org/simple" }
dependencies = [
    { name = "typing-extensions" },
]
sdist = { url = "https://files.pythonhosted.org/packages/e6/6d/196e8c819e0e934f35a1a33b3530396feadb0af4ca38fe9f995249e55794/pydantic_core-2.50.0.tar.gz", hash = "sha256:84d2d38f7d163c4dec292f379e9de1960c661795442aca6c90d706436cb3749e", size = 513355, upload-time = "2026-10-08T14:30:58.245Z" }
wheels = [
    { url = "https://files.pythonhosted.org/packages/81/25/f9a6958f73d92f66d620e3e1b091becf6b7a2ea89437118d397e2c6ca9ba/pydantic_core-2.50.0-cp313-cp313-macosx_10_12_x86_64.whl", hash = "sha256:049b0404792dcb942f1092bfdae5f819ef30445b0d174782e1909fbdd91bb48b", size = 2222904, upload-time = "2026-10-08T14:27:07.869Z" },
    { url = "https://files.pythonhosted.org/packages/c5/41/7f299b2ecf0ddbec8c2a68057ed53d29458ea5b0850615570849c454dd89/pydantic_core-2.50.0-cp313-cp313-macosx_11_0_arm64.whl", hash = "sha256:8f16bc5bb12f4c581b0f40facc28dbf286db32d1bf4e7e4f4c4e0f7f4e34ecf9", size = 2024863, upload-time = "2026-10-08T14:27:09.78Z" },
    { url = "https://files.pythonhosted.org/packages/89/db/a9852fa8780acca5dd81a21bb66d4b2fb41c39dc5672cec66c32cc7f13e9/pydantic_core-2.50.0-cp313-cp313-manylinux_2_17_aarch64.manylinux2014_aarch64.whl", hash = "sha256:d1d084e92d0f4a096a5155b23d1ac603db8073ef98a3d1384badf1455e5ae742", size = 2047340, upload-time = "2026-10-08T14:27:11.85Z" },
    { url = "https://files.pythonhosted.org/packages/90/82/cd174e776e71ebcb1d289a57cb3e89565123a84c5708865e12efa82313f9/pydantic_core-2.50.0-cp313-cp313-manylinux_2_17_armv7l.manylinux2014_armv7l.whl", hash = "sha256:f0af2d2f745ec00a6616c4dfba4477f9156ccfb45690f6ffa5fd34f42e871ed4", size = 2173461, upload-time = "2026-10-08T14:27:13.948Z" },
    { url = "https://files.pythonhosted.org/packages/5a/5c/9c4b2aea09ec7b7af966e79631b1970f1adeb6a8ed001bc8bb64a2d1c23d/pydantic_core-2.50.0-cp313-cp313-manylinux_2_17_ppc64le.manylinux2014_ppc64le.whl", hash = "sha256:2f28a5a299d4cefd1066a6883d22600b9ae3606f881c3015d255784634647580", size = 2362629, upload-time = "2026-10-08T14:27:15.909Z" },
    { url = "https://files.pythonhosted.org/packages/28/d9/93afd007b61c50425c3c8f0402425779341c8d498bd224e5788eaf419c4c/pydantic_core-2.50.0-cp313-cp313-manylinux_2_17_s390x.manylinux2014_s390x.whl", hash = "sha256:bdd70c2d9e73bca09fad54605dfeaae2b4e770b2800c65f5f5342901ed567b9f", size = 2440134, upload-time = "2026-10-08T14:27:17.716Z" },
    { url = "https://files.pythonhosted.org/packages/c9/93/a4ef199535547aaa7c5d2cbf009a1d6a2b252885b14c6e70404e1c661716/pydantic_core-2.50.0-cp313-cp313-manylinux_2_17_x86_64.manylinux2014_x86_64.whl", hash = "sha256:e58acd43ac8d3905659c1d5309318dd576243e723dd7c3b5dd4f555479b77d4b", size = 2158480, upload-time = "2026-10-08T14:27:19.618Z" },
    { url = "https://files.pythonhosted.org/packages/de/20/f216e028d3bfbd9f8c67f7a2f0f8db04240926f630e2e66a5a8ac45fe00d/pydantic_core-2.50.0-cp313-cp313-manylinux_2_31_riscv64.whl", hash = "sha256:5a07c644047f5abc268b4c39f8cb5a30e08a3c349228cb70142c7d3ed87587c0", size = 2231837, upload-time = "2026-10-08T14:27:21.742Z" },
    { url = "https://files.pythonhosted.org/packages/56/3f/57a6acf26e0acb82238ba4e25b35cbd6013b1d74eac99c4f358ff56bf6d6/pydantic_core-2.50.0-cp313-cp313-manylinux_2_5_i686.manylinux1_i686.whl", hash = "sha256:8ad8dad549cd1645be591a50b4573995ee7e018f6619ddc2bc6ea44b2ad9f694", size = 2242240, upload-time = "2026-10-08T14:27:23.564Z" },
    { url = "https://files.pythonhosted.org/packages/94/41/f5f4014b40f91db4479e87dc038ac48a460a60baadea7ff9c942bc64dc62/pydantic_core-2.50.0-cp313-cp313-musllinux_1_1_aarch64.whl", hash = "sha256:1773001198030e16f946a7ff7760fc3ebd45b12150f66fd0f433780043dc13d8", size = 2277852, upload-time = "2026-10-08T14:27:25.517Z" },
    { url = "https://files.pythonhosted.org/packages/f8/fa/485e4db093e10f29676fc696abf9d88f3626ee520e99cc488fb091222db9/pydantic_core-2.50.0-cp313-cp313-musllinux_1_1_armv7l.whl", hash = "sha256:8ab9e74878172948e0426e3d27fba333fd6a1c3f9456d8e75643e8e6868ac1a1", size = 2450132, upload-time = "2026-10-08T14:27:27.493Z" },
    { url = "https://files.pythonhosted.org/packages/d3/48/fd07063cfc65e498528cea59b27b979eb5c890a54dcf5bb19ab0a589516d/pydantic_core-2.50.0-cp313-cp313-musllinux_1_1_x86_64.whl", hash = "sha256:e15bb1535f68a27f28e579ba3a8f74e7b05d350c45f5622b76a311d5a19ae48a", size = 2477011, upload-time = "2026-10-08T14:27:29.972Z" },
    { url = "https://files.pythonhosted.org/packages/fa/96/6f34c285dc87ed2fae5f1b53c51bb732eda21dc0c6c73d6a5d9dcc7033cd/pydantic_core-2.50.0-cp313-cp313-win32.whl", hash = "sha256:c21e6a6e4e6d32fb6acbc4f0fa69e8319cac0d65eeaa8298d757371cc2a9c687", size = 2102027, upload-time = "2026-10-08T14:27:32.497Z" },
    { url = "https://files.pythonhosted.org/packages/5e/50/dbdb3ba6699d494e59db2f145aeb97990e28d1503bc9f7bdd57eb4c15677/pydantic_core-2.50.0-cp313-cp313-win_amd64.whl", hash = "sha256:4f96ccd9368ecbf6685d8f6981584ab72b4f0ffd20685e747737e7e340277b8d", size = 2169974, upload-time = "2026-10-08T14:27:34.692Z" },
    { url = "https://files.pythonhosted.org/packages/7d/ae/cfe0e52a9b45b5ba12b3a839db928669543948760a059a72f13cf0346c29/pydantic_core-2.50.0-cp313-cp313-win_arm64.whl", hash = "sha256:a2b88f9f9fa52e1c34938ff1a18ee7fbffe482df0bb43c087a9a60578d273d68", size = 2162504, upload-time = "2026-10-08T14:27:36.989Z" },
]

[[package]]
name = "pygments"
version = "2.21.0"
source = { registry = "https://pypi.org/simple" }
sdist = { url = "https://files.pythonhosted.org/packages/49/2e/ced460408999b33da6b31b0021b0f37d329e202d4169aeb164493778f25b/pygments-2.21.0.tar.gz", hash = "sha256:610ca751c9bc2492b38eb9a38a7fbc93edbbb2d7182edaf34e66ae493dee5c8c", size = 5005329, upload-time = "2026-08-17T08:02:48.824Z" }
wheels = [
    { url = "https://files.pythonhosted.org/packages/71/46/17f022dd3e953bf20a04a028a21ec746d942f8d2af30fa0f124fa0e6a684/pygments-2.21.0-py3-none-any.whl", hash = "sha256:2363c69b61c4a97c838da3b130dcd6468f4848992b21a82f2a63ec34377137d9", size = 1250147, upload-time = "2026-08-17T08:02:44.912Z" },
]

[[package]]
name = "pytest"
version = "8.4.2"
source = { registry = "https://pypi.org/simple" }
dependencies = [
    { name = "colorama", marker = "sys_platform == 'win32'" },
    { name = "iniconfig" },
    { name = "packaging" },
    { name = "pluggy" },
    { name = "pygments" },
]
sdist = { url = "https://files.pythonhosted.org/packages/a3/5c/00a0e072241553e1a7496d638deababa67c5058571567b92a7eaa258397c/pytest-8.4.2.tar.gz", hash = "sha256:86c0d0b93306b961d58d62a4db4879f27fe25513d4b969df351abdddb3c30e01", size = 1519618, upload-time = "2025-09-04T14:34:22.711Z" }
wheels = [
    { url = "https://files.pythonhosted.org/packages/a8/a4/20da314d277121d6534b3a980b29035dcd51e6744bd79075a6ce8fa4eb8d/pytest-8.4.2-py3-none-any.whl", hash = "sha256:872f880de3fc3a5bdc88a11b39c9710c3497a547cfa9320bc3c5e62fbf272e79", size = 365750, upload-time = "2025-09-04T14:34:20.226Z" },
]

[[package]]
name = "ruff"
version = "0.16.10"
source = { registry = "https://pypi.org/simple" }
sdist = { url = "https://files.pythonhosted.org/packages/c4/49/23802c45f093eb14bde54b141d2b2f058edfa63a06db7beed047308cc08f/ruff-0.16.10.tar.gz", hash = "sha256:eff4728c4eaae93f0955cd264d24b2ab348e74bf59986ccf282ba6dc16b3b017", size = 4958724, upload-time = "2026-10-01T18:03:21.697Z" }
wheels = [
    { url = "https://files.pythonhosted.org/packages/2f/21/ebce22e1d90cdb2cd691026b9c6e9bec6499f0b396089481755b5d49efff/ruff-0.16.10-py3-none-linux_armv6l.whl", hash = "sha256:488b0fe3f3574210e5cf80d9f59b9e3ab17a127a8155de3f307b392589cfb511", size = 10095557, upload-time = "2026-10-01T18:02:36.072Z" },
    { url = "https://files.pythonhosted.org/packages/cb/98/a54de85876a8b2612bfa0d84c7b9abfb39c6a3354aee7800b09c1649b9e3/ruff-0.16.10-py3-none-macosx_10_12_x86_64.whl", hash = "sha256:e748ff95c934c4e978783b8e687bc174e7bd84e8ad24e3243e1ecfcda5e0282d", size = 10340577, upload-time = "2026-10-01T18:02:39.258Z" },
    { url = "https://files.pythonhosted.org/packages/9f/16/1a5a4a2657effe4806110f2b907313802f1367fcdbb29e8122766e407fab/ruff-0.16.10-py3-none-macosx_11_0_arm64.whl", hash = "sha256:3031a4a2e8e7b8a46f70be45f198c35a11ece509a94b80334d8d397a33c67550", size = 9774282, upload-time = "2026-10-01T18:02:41.79Z" },
    { url = "https://files.pythonhosted.org/packages/6e/fb/470085af734da396e68cd80fb0a3e7c109a459716ae59588c0f6fab8a17d/ruff-0.16.10-py3-none-manylinux_2_17_aarch64.manylinux2014_aarch64.whl", hash = "sha256:494401c86df4c4c25f69b9419605d944467ee98c42fb6ad405ef4fa40b8fb67d", size = 9920895, upload-time = "2026-10-01T18:02:44.458Z" },
    { url = "https://files.pythonhosted.org/packages/57/de/f10cffe4f88a37ea6615ec460f01bf76f0bc1477737a35d9ee61a630a78b/ruff-0.16.10-py3-none-manylinux_2_17_armv7l.manylinux2014_armv7l.whl", hash = "sha256:d203abc0ff2b773ee33d00ab8df0bb67046fbc7c07b119332f08b9b345cf8221", size = 9902707, upload-time = "2026-10-01T18:02:47.041Z" },
    { url = "https://files.pythonhosted.org/packages/ff/44/3fdcedf83ae60ef837dd239170e480dce606a9142cfa2db911afdf855fd9/ruff-0.16.10-py3-none-manylinux_2_17_i686.manylinux2014_i686.whl", hash = "sha256:bd83d1235a5258d318477bc5b576303974cbdef5df0c01a1bff14efcc23bd12a", size = 10619287, upload-time = "2026-10-01T18:02:49.485Z" },
    { url = "https://files.pythonhosted.org/packages/c1/62/02e76a5574002153618eafbb70e159468addc72a5d2c488e65cbb4639d2d/ruff-0.16.10-py3-none-manylinux_2_17_ppc64le.manylinux2014_ppc64le.whl", hash = "sha256:bc2610fb269fa56dd8a68669ae470fa6272902668c0fc2ebc3aa112b2633d5b8", size = 11339942, upload-time = "2026-10-01T18:02:52.008Z" },
    { url = "https://files.pythonhosted.org/packages/6b/c4/cde27d47ad8d4126c587e608c67c46e7feac11763f606d261a1bc8a489e6/ruff-0.16.10-py3-none-manylinux_2_17_s390x.manylinux2014_s390x.whl", hash = "sha256:3e70175e29cc94c26ea296c80e470180b744b7419026898e58f520c6ab32578e", size = 10934316, upload-time = "2026-10-01T18:02:54.811Z" },
    { url = "https://files.pythonhosted.org/packages/e4/03/17234145f302a645a123e8c3bb2411ecf4669fbc350de3b0d803230a1729/ruff-0.16.10-py3-none-manylinux_2_17_x86_64.manylinux2014_x86_64.whl", hash = "sha256:f33f43a864a8483eebd160e713336c8bab02c934feaff0a33cf5ccb41546d09a", size = 10387968, upload-time = "2026-10-01T18:02:57.497Z" },
    { url = "https://files.pythonhosted.org/packages/71/29/2493af60240ee7644b38a4b821f5f9c3b5a4fa3178770fe1d0c685217395/ruff-0.16.10-py3-none-manylinux_2_31_riscv64.whl", hash = "sha256:1dfc6f0088149fb6a362c1c446bcbb3fd2157b3852fe2fa68409276eab9ad9b3", size = 10537906, upload-time = "2026-10-01T18:03:00.006Z" },
    { url = "https://files.pythonhosted.org/packages/2e/9a/f56b28f3b143bb9e518c34fb89ab191b626bca8b70dbf8af0d2e2d473572/ruff-0.16.10-py3-none-musllinux_1_2_aarch64.whl", hash = "sha256:6553498afc35f580f036030795810b9e6bcea31604b0fd9e8d352795473042e3", size = 10012938, upload-time = "2026-10-01T18:03:03.006Z" },
    { url = "https://files.pythonhosted.org/packages/c2/c4/fca37362848ea4d4d80712df13632e645e7c7cfb1bdedf140699ac7a090b/ruff-0.16.10-py3-none-musllinux_1_2_armv7l.whl", hash = "sha256:a3b8471dea115d37f123882be852bed13403746d3a76c11de4a19ec5f9ff5a03", size = 9897945, upload-time = "2026-10-01T18:03:05.818Z" },
    { url = "https://files.pythonhosted.org/packages/7d/c7/e0bc57664d6e0c61fd22f620af260fe9662d7e1ddb320ea7f160e76ef165/ruff-0.16.10-py3-none-musllinux_1_2_i686.whl", hash = "sha256:92e59a70bcbd9d3a5483656da906ec28edfdacfce00afd99edb8b4e9d15644be", size = 10333134, upload-time = "2026-10-01T18:03:08.25Z" },
    { url = "https://files.pythonhosted.org/packages/21/aa/5c9f3b68737c0e4a33a1db5dfab44f7b786d96ca91a7233112ddab1e6dc2/ruff-0.16.10-py3-none-musllinux_1_2_x86_64.whl", hash = "sha256:7ae7375f803b5520dc9f546bed7e3a0acb70b91812e9bb4b19927de22f25b77d", size = 10741702, upload-time = "2026-10-01T18:03:10.775Z" },
    { url = "https://files.pythonhosted.org/packages/78/fa/0f9c2020dc316c53d983be011720b8157cc052b97e3f4dfa7db6d0f880a6/ruff-0.16.10-py3-none-win32.whl", hash = "sha256:2a12e01cb9156c10c466f63b46eaae5ecea28dfbd21b5836353ae498e7d1349a", size = 10139176, upload-time = "2026-10-01T18:03:13.267Z" },
    { url = "https://files.pythonhosted.org/packages/99/29/cfb0df9448d4d4ad48c2de029ada9ebd71baa6da983a6c77ee6c6cd0fe82/ruff-0.16.10-py3-none-win_amd64.whl", hash = "sha256:97f2015c92aa97105b0eab19eb5d224884399281cfc5da86a92db4ab5e7fb2ca", size = 10584734, upload-time = "2026-10-01T18:03:16.006Z" },
    { url = "https://files.pythonhosted.org/packages/fc/05/c16957eb287c3fc062e032619a25868d93d408a844b725bcf514f7a378ff/ruff-0.16.10-py3-none-win_arm64.whl", hash = "sha256:25a65fe998c4e6861ec079ada5826a2fc605e6cbccbe9dcd7fac1f54e791621b", size = 10366440, upload-time = "2026-10-01T18:03:19.04Z" },
]

[[package]]
name = "starlette"
version = "1.7.0"
source = { registry = "https://pypi.org/simple" }
dependencies = [
    { name = "anyio" },
]
sdist = { url = "https://files.pythonhosted.org/packages/7b/2b/3850dc6bf7ef71b088962eba31dafc6cffd2f96e577ebb0bb316df96da3e/starlette-1.7.0.tar.gz", hash = "sha256:c79f74ea63cff761804fbbfb182f1e0b440c2d07b164d24700c5a1bab5d6ff5d", size = 2736246, upload-time = "2026-09-23T07:30:26.35Z" }
wheels = [
    { url = "https://files.pythonhosted.org/packages/4e/d6/1ec1b290f9e0fb067899b61e1d37a30c923068bad260b216dbe37a7d2967/starlette-1.7.0-py3-none-any.whl", hash = "sha256:67f8e99895493dd2911a03f11314af6ceebeae4e704bb9f43dfc6a9db151c93e", size = 78980, upload-time = "2026-09-23T07:30:24.567Z" },
]

[[package]]
name = "typing-extensions"
version = "4.16.0"
source = { registry = "https://pypi.org/simple" }
sdist = { url = "https://files.pythonhosted.org/packages/f6/cc/6253133b5bb138fc3306cebfbda2c520f545d36b5be2c7255cc528bb45d6/typing_extensions-4.16.0.tar.gz", hash = "sha256:dc983d19a509c94dba722ee6abd33940f7c05a89e243c47e907eb4db6f1a43e5", size = 113555, upload-time = "2026-07-02T08:40:05.92Z" }
wheels = [
    { url = "https://files.pythonhosted.org/packages/49/d3/b8441a820a491ddfc024b0b0cf0393375b75ea13866d9c66727e54c2fc80/typing_extensions-4.16.0-py3-none-any.whl", hash = "sha256:481caa481374e813c1b176ada14e97f1f67a4539ce9cfeb3f350d78d6370c2e8", size = 45571, upload-time = "2026-07-02T08:40:04.659Z" },
]

[[package]]
name = "typing-inspection"
version = "0.4.4"
source = { registry = "https://pypi.org/simple" }
dependencies = [
    { name = "typing-extensions" },
]
sdist = { url = "https://files.pythonhosted.org/packages/a3/26/b09b8010994eccc3c09092e6b34058f36a460eea2d4c3e8b910c695975a0/typing_inspection-0.4.4.tar.gz", hash = "sha256:547274fa6b0a561ccf549cc9524b999a578e737d015d8709d021f9d0d13bea47", size = 76928, upload-time = "2026-08-12T12:37:25.997Z" }
wheels = [
    { url = "https://files.pythonhosted.org/packages/67/81/4add07e5172b7ac40d8ed5ff580409a7801a4fe26d529bdd915401dabfbe/typing_inspection-0.4.4-py3-none-any.whl", hash = "sha256:65b8397ba37ccbce054456aaccddfc91e6e3083c92824df348d96ca832f3f147", size = 14750, upload-time = "2026-08-12T12:37:24.648Z" },
]

[[package]]
name = "uvicorn"
version = "0.54.0"
source = { registry = "https://pypi.org/simple" }
dependencies = [
    { name = "click" },
    { name = "h11" },
]
sdist = { url = "https://files.pythonhosted.org/packages/da/34/30e9280707135d2cfc589dfff3cb796bd07a3aeb1a3e415ba09dd89d7bb4/uvicorn-0.54.0.tar.gz", hash = "sha256:a2e33cbfaa0306f8e6b0c13e0cb89d7d7a2da3e62b90c66e18c33d9807b28620", size = 112283, upload-time = "2026-09-25T06:52:37.601Z" }
wheels = [
    { url = "https://files.pythonhosted.org/packages/38/0c/b54a4fdd7f90a3af8b02ebc9ce6712c2c208b7926a2f7bad95c33ebbe943/uvicorn-0.54.0-py3-none-any.whl", hash = "sha256:505bdb0f318731d45f1f712071fc781a8981f6847a31c902c9f5e652d4f67faf", size = 87427, upload-time = "2026-09-25T06:52:35.829Z" },
]
